
Microsoft Visual Studio Solution File, Format Version 12.00
# Visual Studio Version 17
VisualStudioVersion = 17.10.35122.118
MinimumVisualStudioVersion = 10.0.40219.1
Project("{FAE04EC0-301F-11D3-BF4B-00C04F79EFBC}") = "ProjectStructure", "ProjectStructure\ProjectStructure.csproj", "{9E37E5C5-9B78-4985-94F2-B54866D0AB27}"
EndProject
Global
	GlobalSection(SolutionConfigurationPlatforms) = preSolution
		Debug|Any CPU = Debug|Any CPU
		Release|Any CPU = Release|Any CPU
	EndGlobalSection
	GlobalSection(ProjectConfigurationPlatforms) = postSolution
		{9E37E5C5-9B78-4985-94F2-B54866D0AB27}.Debug|Any CPU.ActiveCfg = Debug|Any CPU
		{9E37E5C5-9B78-4985-94F2-B54866D0AB27}.Debug|Any CPU.Build.0 = Debug|Any CPU
		{9E37E5C5-9B78-4985-94F2-B54866D0AB27}.Release|Any CPU.ActiveCfg = Release|Any CPU
		{9E37E5C5-9B78-4985-94F2-B54866D0AB27}.Release|Any CPU.Build.0 = Release|Any CPU
	EndGlobalSection
	GlobalSection(SolutionProperties) = preSolution
		HideSolutionNode = FALSE
	EndGlobalSection
	GlobalSection(ExtensibilityGlobals) = postSolution
		SolutionGuid = {5F2633AF-DE09-4F59-867A-5A8851A9A094}
	EndGlobalSection
EndGlobal
